
Microsoft Visual Studio Solution File, Format Version 12.00
# Visual Studio Version 17
VisualStudioVersion = 17.9.34728.123
MinimumVisualStudioVersion = 10.0.40219.1
Project("{2150E333-8FDC-42A3-9474-1A3956D46DE8}") = "src", "src", "{8134B314-C92A-4F06-BC3A-A39929991C3E}"
EndProject
Project("{2150E333-8FDC-42A3-9474-1A3956D46DE8}") = "test", "test", "{01013CFF-DBA3-4524-8FB4-2F47B24ABEB7}"
EndProject
Project("{2150E333-8FDC-42A3-9474-1A3956D46DE8}") = "API", "API", "{0B9FD859-3F41-427F-A8ED-80849C3F7614}"
EndProject
Project("{2150E333-8FDC-42A3-9474-1A3956D46DE8}") = "Core", "Core", "{3766DC07-FDA2-44F2-9F9B-7274B5E53100}"
EndProject
Project("{2150E333-8FDC-42A3-9474-1A3956D46DE8}") = "Infrastructure", "Infrastructure", "{40DD3FF3-C0C8-4BA9-AE95-BB90FAACC503}"
EndProject
Project("{2150E333-8FDC-42A3-9474-1A3956D46DE8}") = "UI", "UI", "{39D3A58E-C023-4455-8A51-5A759130E7EE}"
EndProject
Project("{9A19103F-16F7-4668-BE54-9A1E7A4F7556}") = "JobBee.Domain", "JobBee.Domain\JobBee.Domain.csproj", "{92F8C2F0-BC63-4DB7-AF49-BDD9DDB4A845}"
EndProject
Project("{9A19103F-16F7-4668-BE54-9A1E7A4F7556}") = "JobBee.Application", "JobBee.Application\JobBee.Application.csproj", "{9F0F105B-196A-4C66-9F25-B52BCAF33E69}"
EndProject
Project("{9A19103F-16F7-4668-BE54-9A1E7A4F7556}") = "JobBee.Persistence", "JobBee.Persistence\JobBee.Persistence.csproj", "{F36EB273-59FA-42C8-A019-7A954025F7D1}"
EndProject
Project("{9A19103F-16F7-4668-BE54-9A1E7A4F7556}") = "JobBee.Infrastructure", "JobBee.Infrastructure\JobBee.Infrastructure.csproj", "{9C57B197-2D3F-46F8-B468-E11DDB889384}"
EndProject
Project("{9A19103F-16F7-4668-BE54-9A1E7A4F7556}") = "JobBee.Api", "JobBee.Api\JobBee.Api.csproj", "{86B1C8BE-9D08-4837-B9A9-B30B293C1076}"
EndProject
Project("{9A19103F-16F7-4668-BE54-9A1E7A4F7556}") = "JobBee.Shared", "JobBee.Shared\JobBee.Shared.csproj", "{553EC25E-D3A3-4715-9813-4EF0D2A70CCB}"
EndProject
Project("{E53339B2-1760-4266-BCC7-CA923CBCF16C}") = "docker-compose", "docker-compose.dcproj", "{19B9CB79-954D-48F8-86CE-0B0BC340C834}"
EndProject
Project("{2150E333-8FDC-42A3-9474-1A3956D46DE8}") = "logstash", "logstash", "{0ECCA1F8-8475-4337-AE3A-D89381950B8E}"
	ProjectSection(SolutionItems) = preProject
		.dockerignore = .dockerignore
		JobBee.Api\Dockerfile = JobBee.Api\Dockerfile
		logstash.conf = logstash.conf
	EndProjectSection
EndProject
Global
	GlobalSection(SolutionConfigurationPlatforms) = preSolution
		Debug|Any CPU = Debug|Any CPU
		Release|Any CPU = Release|Any CPU
	EndGlobalSection
	GlobalSection(ProjectConfigurationPlatforms) = postSolution
		{92F8C2F0-BC63-4DB7-AF49-BDD9DDB4A845}.Debug|Any CPU.ActiveCfg = Debug|Any CPU
		{92F8C2F0-BC63-4DB7-AF49-BDD9DDB4A845}.Debug|Any CPU.Build.0 = Debug|Any CPU
		{92F8C2F0-BC63-4DB7-AF49-BDD9DDB4A845}.Release|Any CPU.ActiveCfg = Release|Any CPU
		{92F8C2F0-BC63-4DB7-AF49-BDD9DDB4A845}.Release|Any CPU.Build.0 = Release|Any CPU
		{9F0F105B-196A-4C66-9F25-B52BCAF33E69}.Debug|Any CPU.ActiveCfg = Debug|Any CPU
		{9F0F105B-196A-4C66-9F25-B52BCAF33E69}.Debug|Any CPU.Build.0 = Debug|Any CPU
		{9F0F105B-196A-4C66-9F25-B52BCAF33E69}.Release|Any CPU.ActiveCfg = Release|Any CPU
		{9F0F105B-196A-4C66-9F25-B52BCAF33E69}.Release|Any CPU.Build.0 = Release|Any CPU
		{F36EB273-59FA-42C8-A019-7A954025F7D1}.Debug|Any CPU.ActiveCfg = Debug|Any CPU
		{F36EB273-59FA-42C8-A019-7A954025F7D1}.Debug|Any CPU.Build.0 = Debug|Any CPU
		{F36EB273-59FA-42C8-A019-7A954025F7D1}.Release|Any CPU.ActiveCfg = Release|Any CPU
		{F36EB273-59FA-42C8-A019-7A954025F7D1}.Release|Any CPU.Build.0 = Release|Any CPU
		{9C57B197-2D3F-46F8-B468-E11DDB889384}.Debug|Any CPU.ActiveCfg = Debug|Any CPU
		{9C57B197-2D3F-46F8-B468-E11DDB889384}.Debug|Any CPU.Build.0 = Debug|Any CPU
		{9C57B197-2D3F-46F8-B468-E11DDB889384}.Release|Any CPU.ActiveCfg = Release|Any CPU
		{9C57B197-2D3F-46F8-B468-E11DDB889384}.Release|Any CPU.Build.0 = Release|Any CPU
		{86B1C8BE-9D08-4837-B9A9-B30B293C1076}.Debug|Any CPU.ActiveCfg = Debug|Any CPU
		{86B1C8BE-9D08-4837-B9A9-B30B293C1076}.Debug|Any CPU.Build.0 = Debug|Any CPU
		{86B1C8BE-9D08-4837-B9A9-B30B293C1076}.Release|Any CPU.ActiveCfg = Release|Any CPU
		{86B1C8BE-9D08-4837-B9A9-B30B293C1076}.Release|Any CPU.Build.0 = Release|Any CPU
		{553EC25E-D3A3-4715-9813-4EF0D2A70CCB}.Debug|Any CPU.ActiveCfg = Debug|Any CPU
		{553EC25E-D3A3-4715-9813-4EF0D2A70CCB}.Debug|Any CPU.Build.0 = Debug|Any CPU
		{553EC25E-D3A3-4715-9813-4EF0D2A70CCB}.Release|Any CPU.ActiveCfg = Release|Any CPU
		{553EC25E-D3A3-4715-9813-4EF0D2A70CCB}.Release|Any CPU.Build.0 = Release|Any CPU
		{19B9CB79-954D-48F8-86CE-0B0BC340C834}.Debug|Any CPU.ActiveCfg = Debug|Any CPU
		{19B9CB79-954D-48F8-86CE-0B0BC340C834}.Debug|Any CPU.Build.0 = Debug|Any CPU
		{19B9CB79-954D-48F8-86CE-0B0BC340C834}.Release|Any CPU.ActiveCfg = Release|Any CPU
		{19B9CB79-954D-48F8-86CE-0B0BC340C834}.Release|Any CPU.Build.0 = Release|Any CPU
	EndGlobalSection
	GlobalSection(SolutionProperties) = preSolution
		HideSolutionNode = FALSE
	EndGlobalSection
	GlobalSection(NestedProjects) = preSolution
		{0B9FD859-3F41-427F-A8ED-80849C3F7614} = {8134B314-C92A-4F06-BC3A-A39929991C3E}
		{3766DC07-FDA2-44F2-9F9B-7274B5E53100} = {8134B314-C92A-4F06-BC3A-A39929991C3E}
		{40DD3FF3-C0C8-4BA9-AE95-BB90FAACC503} = {8134B314-C92A-4F06-BC3A-A39929991C3E}
		{39D3A58E-C023-4455-8A51-5A759130E7EE} = {8134B314-C92A-4F06-BC3A-A39929991C3E}
		{92F8C2F0-BC63-4DB7-AF49-BDD9DDB4A845} = {3766DC07-FDA2-44F2-9F9B-7274B5E53100}
		{9F0F105B-196A-4C66-9F25-B52BCAF33E69} = {3766DC07-FDA2-44F2-9F9B-7274B5E53100}
		{F36EB273-59FA-42C8-A019-7A954025F7D1} = {40DD3FF3-C0C8-4BA9-AE95-BB90FAACC503}
		{9C57B197-2D3F-46F8-B468-E11DDB889384} = {40DD3FF3-C0C8-4BA9-AE95-BB90FAACC503}
		{86B1C8BE-9D08-4837-B9A9-B30B293C1076} = {0B9FD859-3F41-427F-A8ED-80849C3F7614}
		{553EC25E-D3A3-4715-9813-4EF0D2A70CCB} = {3766DC07-FDA2-44F2-9F9B-7274B5E53100}
	EndGlobalSection
	GlobalSection(ExtensibilityGlobals) = postSolution
		SolutionGuid = {C0EB491B-6DDD-483A-9629-D0D2BF58AF5C}
	EndGlobalSection
EndGlobal
